// !$*UTF8*$!
{
	archiveVersion = 1;
	classes = {
	};
	objectVersion = 56;
	objects = {

/* Begin PBXBuildFile section */
		6506ECED2B504B0C00D038CD /* HomeScreen.swift in Sources */ = {isa = PBXBuildFile; fileRef = 6506ECEC2B504B0C00D038CD /* HomeScreen.swift */; };
		651C4F3B2B4F1BC800CAEF46 /* BudgetApp.swift in Sources */ = {isa = PBXBuildFile; fileRef = 651C4F3A2B4F1BC800CAEF46 /* BudgetApp.swift */; };
		651C4F3F2B4F1BC900CAEF46 /* Assets.xcassets in Resources */ = {isa = PBXBuildFile; fileRef = 651C4F3E2B4F1BC900CAEF46 /* Assets.xcassets */; };
		651C4F422B4F1BC900CAEF46 /* Preview Assets.xcassets in Resources */ = {isa = PBXBuildFile; fileRef = 651C4F412B4F1BC900CAEF46 /* Preview Assets.xcassets */; };
		651C4F4A2B4F1C0900CAEF46 /* Transaction.swift in Sources */ = {isa = PBXBuildFile; fileRef = 651C4F492B4F1C0800CAEF46 /* Transaction.swift */; };
		651C4F4C2B4F1CC500CAEF46 /* Account.swift in Sources */ = {isa = PBXBuildFile; fileRef = 651C4F4B2B4F1CC500CAEF46 /* Account.swift */; };
		651C4F4E2B4F1D9C00CAEF46 /* TestData.swift in Sources */ = {isa = PBXBuildFile; fileRef = 651C4F4D2B4F1D9C00CAEF46 /* TestData.swift */; };
		651C4F512B4F1F1400CAEF46 /* CategoryView.swift in Sources */ = {isa = PBXBuildFile; fileRef = 651C4F502B4F1F1400CAEF46 /* CategoryView.swift */; };
		656606742B501C6C00E0B98A /* Transaction.Category+name.swift in Sources */ = {isa = PBXBuildFile; fileRef = 656606732B501C6C00E0B98A /* Transaction.Category+name.swift */; };
		656606762B501D4900E0B98A /* Transaction.Category+imageName.swift in Sources */ = {isa = PBXBuildFile; fileRef = 656606752B501D4900E0B98A /* Transaction.Category+imageName.swift */; };
		656606782B501F1F00E0B98A /* CatSelectionView.swift in Sources */ = {isa = PBXBuildFile; fileRef = 656606772B501F1F00E0B98A /* CatSelectionView.swift */; };
		6566067A2B50213F00E0B98A /* TransactionForm.swift in Sources */ = {isa = PBXBuildFile; fileRef = 656606792B50213F00E0B98A /* TransactionForm.swift */; };
		6566067D2B5027CB00E0B98A /* AccountController.swift in Sources */ = {isa = PBXBuildFile; fileRef = 6566067C2B5027CB00E0B98A /* AccountController.swift */; };
		658E02602B4F70B7006D83AF /* Int+CurrencyFormat.swift in Sources */ = {isa = PBXBuildFile; fileRef = 658E025F2B4F70B7006D83AF /* Int+CurrencyFormat.swift */; };
		658E02622B4F715E006D83AF /* Date+TransactionFormat.swift in Sources */ = {isa = PBXBuildFile; fileRef = 658E02612B4F715E006D83AF /* Date+TransactionFormat.swift */; };
		658E02652B4F738A006D83AF /* BalanceView.swift in Sources */ = {isa = PBXBuildFile; fileRef = 658E02642B4F738A006D83AF /* BalanceView.swift */; };
		658E02672B4F748C006D83AF /* RowView.swift in Sources */ = {isa = PBXBuildFile; fileRef = 658E02662B4F748C006D83AF /* RowView.swift */; };
		658E02692B4F79A9006D83AF /* AccountView.swift in Sources */ = {isa = PBXBuildFile; fileRef = 658E02682B4F79A9006D83AF /* AccountView.swift */; };
		658E026B2B4F7B93006D83AF /* AmountView.swift in Sources */ = {isa = PBXBuildFile; fileRef = 658E026A2B4F7B93006D83AF /* AmountView.swift */; };
		658E026D2B4F7D46006D83AF /* CategoryButton.swift in Sources */ = {isa = PBXBuildFile; fileRef = 658E026C2B4F7D46006D83AF /* CategoryButton.swift */; };
		65B1310C2B504D520039860D /* NewTransactionView.swift in Sources */ = {isa = PBXBuildFile; fileRef = 65B1310B2B504D520039860D /* NewTransactionView.swift */; };
		65CD60F92B7CF23E003624F8 /* fileQC.txt in Resources */ = {isa = PBXBuildFile; fileRef = 65CD60F82B7CF23E003624F8 /* fileQC.txt */; };
/* End PBXBuildFile section */

/* Begin PBXFileReference section */
		6506ECEC2B504B0C00D038CD /* HomeScreen.swift */ = {isa = PBXFileReference; lastKnownFileType = sourcecode.swift; path = HomeScreen.swift; sourceTree = "<group>"; };
		651C4F372B4F1BC800CAEF46 /* Budget.app */ = {isa = PBXFileReference; explicitFileType = wrapper.application; includeInIndex = 0; path = Budget.app; sourceTree = BUILT_PRODUCTS_DIR; };
		651C4F3A2B4F1BC800CAEF46 /* BudgetApp.swift */ = {isa = PBXFileReference; lastKnownFileType = sourcecode.swift; path = BudgetApp.swift; sourceTree = "<group>"; };
		651C4F3E2B4F1BC900CAEF46 /* Assets.xcassets */ = {isa = PBXFileReference; lastKnownFileType = folder.assetcatalog; path = Assets.xcassets; sourceTree = "<group>"; };
		651C4F412B4F1BC900CAEF46 /* Preview Assets.xcassets */ = {isa = PBXFileReference; lastKnownFileType = folder.assetcatalog; path = "Preview Assets.xcassets"; sourceTree = "<group>"; };
		651C4F492B4F1C0800CAEF46 /* Transaction.swift */ = {isa = PBXFileReference; lastKnownFileType = sourcecode.swift; path = Transaction.swift; sourceTree = "<group>"; };
		651C4F4B2B4F1CC500CAEF46 /* Account.swift */ = {isa = PBXFileReference; lastKnownFileType = sourcecode.swift; path = Account.swift; sourceTree = "<group>"; };
		651C4F4D2B4F1D9C00CAEF46 /* TestData.swift */ = {isa = PBXFileReference; lastKnownFileType = sourcecode.swift; path = TestData.swift; sourceTree = "<group>"; };
		651C4F502B4F1F1400CAEF46 /* CategoryView.swift */ = {isa = PBXFileReference; lastKnownFileType = sourcecode.swift; path = CategoryView.swift; sourceTree = "<group>"; };
		656606732B501C6C00E0B98A /* Transaction.Category+name.swift */ = {isa = PBXFileReference; lastKnownFileType = sourcecode.swift; path = "Transaction.Category+name.swift"; sourceTree = "<group>"; };
		656606752B501D4900E0B98A /* Transaction.Category+imageName.swift */ = {isa = PBXFileReference; lastKnownFileType = sourcecode.swift; path = "Transaction.Category+imageName.swift"; sourceTree = "<group>"; };
		656606772B501F1F00E0B98A /* CatSelectionView.swift */ = {isa = PBXFileReference; lastKnownFileType = sourcecode.swift; path = CatSelectionView.swift; sourceTree = "<group>"; };
		656606792B50213F00E0B98A /* TransactionForm.swift */ = {isa = PBXFileReference; lastKnownFileType = sourcecode.swift; path = TransactionForm.swift; sourceTree = "<group>"; };
		6566067C2B5027CB00E0B98A /* AccountController.swift */ = {isa = PBXFileReference; lastKnownFileType = sourcecode.swift; path = AccountController.swift; sourceTree = "<group>"; };
		658E025F2B4F70B7006D83AF /* Int+CurrencyFormat.swift */ = {isa = PBXFileReference; lastKnownFileType = sourcecode.swift; path = "Int+CurrencyFormat.swift"; sourceTree = "<group>"; };
		658E02612B4F715E006D83AF /* Date+TransactionFormat.swift */ = {isa = PBXFileReference; lastKnownFileType = sourcecode.swift; path = "Date+TransactionFormat.swift"; sourceTree = "<group>"; };
		658E02642B4F738A006D83AF /* BalanceView.swift */ = {isa = PBXFileReference; lastKnownFileType = sourcecode.swift; path = BalanceView.swift; sourceTree = "<group>"; };
		658E02662B4F748C006D83AF /* RowView.swift */ = {isa = PBXFileReference; lastKnownFileType = sourcecode.swift; path = RowView.swift; sourceTree = "<group>"; };
		658E02682B4F79A9006D83AF /* AccountView.swift */ = {isa = PBXFileReference; lastKnownFileType = sourcecode.swift; path = AccountView.swift; sourceTree = "<group>"; };
		658E026A2B4F7B93006D83AF /* AmountView.swift */ = {isa = PBXFileReference; lastKnownFileType = sourcecode.swift; path = AmountView.swift; sourceTree = "<group>"; };
		658E026C2B4F7D46006D83AF /* CategoryButton.swift */ = {isa = PBXFileReference; lastKnownFileType = sourcecode.swift; path = CategoryButton.swift; sourceTree = "<group>"; };
		65B1310B2B504D520039860D /* NewTransactionView.swift */ = {isa = PBXFileReference; lastKnownFileType = sourcecode.swift; path = NewTransactionView.swift; sourceTree = "<group>"; };
		65CD60F82B7CF23E003624F8 /* fileQC.txt */ = {isa = PBXFileReference; lastKnownFileType = text; path = fileQC.txt; sourceTree = "<group>"; };
/* End PBXFileReference section */

/* Begin PBXFrameworksBuildPhase section */
		651C4F342B4F1BC800CAEF46 /* Frameworks */ = {
			isa = PBXFrameworksBuildPhase;
			buildActionMask = 2147483647;
			files = (
			);
			runOnlyForDeploymentPostprocessing = 0;
		};
/* End PBXFrameworksBuildPhase section */

/* Begin PBXGroup section */
		651C4F2E2B4F1BC800CAEF46 = {
			isa = PBXGroup;
			children = (
				651C4F392B4F1BC800CAEF46 /* Budget */,
				651C4F382B4F1BC800CAEF46 /* Products */,
			);
			sourceTree = "<group>";
		};
		651C4F382B4F1BC800CAEF46 /* Products */ = {
			isa = PBXGroup;
			children = (
				651C4F372B4F1BC800CAEF46 /* Budget.app */,
			);
			name = Products;
			sourceTree = "<group>";
		};
		651C4F392B4F1BC800CAEF46 /* Budget */ = {
			isa = PBXGroup;
			children = (
				65B4DCD32B5AD0D80049037C /* Code */,
				65B4DCD42B5AD3700049037C /* Config */,
				65CD60F62B7CF0A8003624F8 /* Docs */,
				651C4F402B4F1BC900CAEF46 /* Preview Content */,
				65B4DCD52B5AD37E0049037C /* Resources */,
			);
			path = Budget;
			sourceTree = "<group>";
		};
		651C4F402B4F1BC900CAEF46 /* Preview Content */ = {
			isa = PBXGroup;
			children = (
				651C4F412B4F1BC900CAEF46 /* Preview Assets.xcassets */,
			);
			path = "Preview Content";
			sourceTree = "<group>";
		};
		651C4F482B4F1BF800CAEF46 /* Models */ = {
			isa = PBXGroup;
			children = (
				651C4F4B2B4F1CC500CAEF46 /* Account.swift */,
				651C4F492B4F1C0800CAEF46 /* Transaction.swift */,
			);
			path = Models;
			sourceTree = "<group>";
		};
		651C4F4F2B4F1EFE00CAEF46 /* Views */ = {
			isa = PBXGroup;
			children = (
				6506ECEC2B504B0C00D038CD /* HomeScreen.swift */,
				65B1310B2B504D520039860D /* NewTransactionView.swift */,
				658E02632B4F735F006D83AF /* Pure */,
			);
			path = Views;
			sourceTree = "<group>";
		};
		6566067B2B50278F00E0B98A /* Controllers */ = {
			isa = PBXGroup;
			children = (
				6566067C2B5027CB00E0B98A /* AccountController.swift */,
			);
			path = Controllers;
			sourceTree = "<group>";
		};
		658E025E2B4F70A6006D83AF /* Utilities */ = {
			isa = PBXGroup;
			children = (
				658E025F2B4F70B7006D83AF /* Int+CurrencyFormat.swift */,
				658E02612B4F715E006D83AF /* Date+TransactionFormat.swift */,
				656606732B501C6C00E0B98A /* Transaction.Category+name.swift */,
				656606752B501D4900E0B98A /* Transaction.Category+imageName.swift */,
			);
			path = Utilities;
			sourceTree = "<group>";
		};
		658E02632B4F735F006D83AF /* Pure */ = {
			isa = PBXGroup;
			children = (
				658E02682B4F79A9006D83AF /* AccountView.swift */,
				651C4F502B4F1F1400CAEF46 /* CategoryView.swift */,
				658E02642B4F738A006D83AF /* BalanceView.swift */,
				658E02662B4F748C006D83AF /* RowView.swift */,
				658E026A2B4F7B93006D83AF /* AmountView.swift */,
				658E026C2B4F7D46006D83AF /* CategoryButton.swift */,
				656606772B501F1F00E0B98A /* CatSelectionView.swift */,
				656606792B50213F00E0B98A /* TransactionForm.swift */,
			);
			path = Pure;
			sourceTree = "<group>";
		};
		65B4DCD32B5AD0D80049037C /* Code */ = {
			isa = PBXGroup;
			children = (
				651C4F3A2B4F1BC800CAEF46 /* BudgetApp.swift */,
				6566067B2B50278F00E0B98A /* Controllers */,
				651C4F482B4F1BF800CAEF46 /* Models */,
				658E025E2B4F70A6006D83AF /* Utilities */,
				651C4F4F2B4F1EFE00CAEF46 /* Views */,
			);
			path = Code;
			sourceTree = "<group>";
		};
		65B4DCD42B5AD3700049037C /* Config */ = {
			isa = PBXGroup;
			children = (
				651C4F4D2B4F1D9C00CAEF46 /* TestData.swift */,
			);
			path = Config;
			sourceTree = "<group>";
		};
		65B4DCD52B5AD37E0049037C /* Resources */ = {
			isa = PBXGroup;
			children = (
				651C4F3E2B4F1BC900CAEF46 /* Assets.xcassets */,
			);
			path = Resources;
			sourceTree = "<group>";
		};
		65CD60F62B7CF0A8003624F8 /* Docs */ = {
			isa = PBXGroup;
			children = (
				65CD60F82B7CF23E003624F8 /* fileQC.txt */,
			);
			path = Docs;
			sourceTree = "<group>";
		};
/* End PBXGroup section */

/* Begin PBXNativeTarget section */
		651C4F362B4F1BC800CAEF46 /* Budget */ = {
			isa = PBXNativeTarget;
			buildConfigurationList = 651C4F452B4F1BC900CAEF46 /* Build configuration list for PBXNativeTarget "Budget" */;
			buildPhases = (
				651C4F332B4F1BC800CAEF46 /* Sources */,
				651C4F342B4F1BC800CAEF46 /* Frameworks */,
				651C4F352B4F1BC800CAEF46 /* Resources */,
			);
			buildRules = (
			);
			dependencies = (
			);
			name = Budget;
			productName = Budget;
			productReference = 651C4F372B4F1BC800CAEF46 /* Budget.app */;
			productType = "com.apple.product-type.application";
		};
/* End PBXNativeTarget section */

/* Begin PBXProject section */
		651C4F2F2B4F1BC800CAEF46 /* Project object */ = {
			isa = PBXProject;
			attributes = {
				BuildIndependentTargetsInParallel = 1;
				LastSwiftUpdateCheck = 1510;
				LastUpgradeCheck = 1510;
				TargetAttributes = {
					651C4F362B4F1BC800CAEF46 = {
						CreatedOnToolsVersion = 15.1;
					};
				};
			};
			buildConfigurationList = 651C4F322B4F1BC800CAEF46 /* Build configuration list for PBXProject "Budget" */;
			compatibilityVersion = "Xcode 14.0";
			developmentRegion = en;
			hasScannedForEncodings = 0;
			knownRegions = (
				en,
				Base,
			);
			mainGroup = 651C4F2E2B4F1BC800CAEF46;
			productRefGroup = 651C4F382B4F1BC800CAEF46 /* Products */;
			projectDirPath = "";
			projectRoot = "";
			targets = (
				651C4F362B4F1BC800CAEF46 /* Budget */,
			);
		};
/* End PBXProject section */

/* Begin PBXResourcesBuildPhase section */
		651C4F352B4F1BC800CAEF46 /* Resources */ = {
			isa = PBXResourcesBuildPhase;
			buildActionMask = 2147483647;
			files = (
				65CD60F92B7CF23E003624F8 /* fileQC.txt in Resources */,
				651C4F422B4F1BC900CAEF46 /* Preview Assets.xcassets in Resources */,
				651C4F3F2B4F1BC900CAEF46 /* Assets.xcassets in Resources */,
			);
			runOnlyForDeploymentPostprocessing = 0;
		};
/* End PBXResourcesBuildPhase section */

/* Begin PBXSourcesBuildPhase section */
		651C4F332B4F1BC800CAEF46 /* Sources */ = {
			isa = PBXSourcesBuildPhase;
			buildActionMask = 2147483647;
			files = (
				656606762B501D4900E0B98A /* Transaction.Category+imageName.swift in Sources */,
				658E02692B4F79A9006D83AF /* AccountView.swift in Sources */,
				658E026B2B4F7B93006D83AF /* AmountView.swift in Sources */,
				6566067D2B5027CB00E0B98A /* AccountController.swift in Sources */,
				65B1310C2B504D520039860D /* NewTransactionView.swift in Sources */,
				651C4F4C2B4F1CC500CAEF46 /* Account.swift in Sources */,
				651C4F512B4F1F1400CAEF46 /* CategoryView.swift in Sources */,
				651C4F3B2B4F1BC800CAEF46 /* BudgetApp.swift in Sources */,
				6506ECED2B504B0C00D038CD /* HomeScreen.swift in Sources */,
				656606782B501F1F00E0B98A /* CatSelectionView.swift in Sources */,
				658E02602B4F70B7006D83AF /* Int+CurrencyFormat.swift in Sources */,
				658E02672B4F748C006D83AF /* RowView.swift in Sources */,
				658E02652B4F738A006D83AF /* BalanceView.swift in Sources */,
				6566067A2B50213F00E0B98A /* TransactionForm.swift in Sources */,
				651C4F4E2B4F1D9C00CAEF46 /* TestData.swift in Sources */,
				658E026D2B4F7D46006D83AF /* CategoryButton.swift in Sources */,
				658E02622B4F715E006D83AF /* Date+TransactionFormat.swift in Sources */,
				656606742B501C6C00E0B98A /* Transaction.Category+name.swift in Sources */,
				651C4F4A2B4F1C0900CAEF46 /* Transaction.swift in Sources */,
			);
			runOnlyForDeploymentPostprocessing = 0;
		};
/* End PBXSourcesBuildPhase section */

/* Begin XCBuildConfiguration section */
		651C4F432B4F1BC900CAEF46 /* Debug */ = {
			isa = XCBuildConfiguration;
			buildSettings = {
				ALWAYS_SEARCH_USER_PATHS = NO;
				ASSETCATALOG_COMPILER_GENERATE_SWIFT_ASSET_SYMBOL_EXTENSIONS = YES;
				CLANG_ANALYZER_NONNULL = YES;
				CLANG_ANALYZER_NUMBER_OBJECT_CONVERSION = YES_AGGRESSIVE;
				CLANG_CXX_LANGUAGE_STANDARD = "gnu++20";
				CLANG_ENABLE_MODULES = YES;
				CLANG_ENABLE_OBJC_ARC = YES;
				CLANG_ENABLE_OBJC_WEAK = YES;
				CLANG_WARN_BLOCK_CAPTURE_AUTORELEASING = YES;
				CLANG_WARN_BOOL_CONVERSION = YES;
				CLANG_WARN_COMMA = YES;
				CLANG_WARN_CONSTANT_CONVERSION = YES;
				CLANG_WARN_DEPRECATED_OBJC_IMPLEMENTATIONS = YES;
				CLANG_WARN_DIRECT_OBJC_ISA_USAGE = YES_ERROR;
				CLANG_WARN_DOCUMENTATION_COMMENTS = YES;
				CLANG_WARN_EMPTY_BODY = YES;
				CLANG_WARN_ENUM_CONVERSION = YES;
				CLANG_WARN_INFINITE_RECURSION = YES;
				CLANG_WARN_INT_CONVERSION = YES;
				CLANG_WARN_NON_LITERAL_NULL_CONVERSION = YES;
				CLANG_WARN_OBJC_IMPLICIT_RETAIN_SELF = YES;
				CLANG_WARN_OBJC_LITERAL_CONVERSION = YES;
				CLANG_WARN_OBJC_ROOT_CLASS = YES_ERROR;
				CLANG_WARN_QUOTED_INCLUDE_IN_FRAMEWORK_HEADER = YES;
				CLANG_WARN_RANGE_LOOP_ANALYSIS = YES;
				CLANG_WARN_STRICT_PROTOTYPES = YES;
				CLANG_WARN_SUSPICIOUS_MOVE = YES;
				CLANG_WARN_UNGUARDED_AVAILABILITY = YES_AGGRESSIVE;
				CLANG_WARN_UNREACHABLE_CODE = YES;
				CLANG_WARN__DUPLICATE_METHOD_MATCH = YES;
				COPY_PHASE_STRIP = NO;
				DEBUG_INFORMATION_FORMAT = dwarf;
				ENABLE_STRICT_OBJC_MSGSEND = YES;
				ENABLE_TESTABILITY = YES;
				ENABLE_USER_SCRIPT_SANDBOXING = YES;
				GCC_C_LANGUAGE_STANDARD = gnu17;
				GCC_DYNAMIC_NO_PIC = NO;
				GCC_NO_COMMON_BLOCKS = YES;
				GCC_OPTIMIZATION_LEVEL = 0;
				GCC_PREPROCESSOR_DEFINITIONS = (
					"DEBUG=1",
					"$(inherited)",
				);
				GCC_WARN_64_TO_32_BIT_CONVERSION = YES;
				GCC_WARN_ABOUT_RETURN_TYPE = YES_ERROR;
				GCC_WARN_UNDECLARED_SELECTOR = YES;
				GCC_WARN_UNINITIALIZED_AUTOS = YES_AGGRESSIVE;
				GCC_WARN_UNUSED_FUNCTION = YES;
				GCC_WARN_UNUSED_VARIABLE = YES;
				IPHONEOS_DEPLOYMENT_TARGET = 17.2;
				LOCALIZATION_PREFERS_STRING_CATALOGS = YES;
				MTL_ENABLE_DEBUG_INFO = INCLUDE_SOURCE;
				MTL_FAST_MATH = YES;
				ONLY_ACTIVE_ARCH = YES;
				SDKROOT = iphoneos;
				SWIFT_ACTIVE_COMPILATION_CONDITIONS = "DEBUG $(inherited)";
				SWIFT_OPTIMIZATION_LEVEL = "-Onone";
			};
			name = Debug;
		};
		651C4F442B4F1BC900CAEF46 /* Release */ = {
			isa = XCBuildConfiguration;
			buildSettings = {
				ALWAYS_SEARCH_USER_PATHS = NO;
				ASSETCATALOG_COMPILER_GENERATE_SWIFT_ASSET_SYMBOL_EXTENSIONS = YES;
				CLANG_ANALYZER_NONNULL = YES;
				CLANG_ANALYZER_NUMBER_OBJECT_CONVERSION = YES_AGGRESSIVE;
				CLANG_CXX_LANGUAGE_STANDARD = "gnu++20";
				CLANG_ENABLE_MODULES = YES;
				CLANG_ENABLE_OBJC_ARC = YES;
				CLANG_ENABLE_OBJC_WEAK = YES;
				CLANG_WARN_BLOCK_CAPTURE_AUTORELEASING = YES;
				CLANG_WARN_BOOL_CONVERSION = YES;
				CLANG_WARN_COMMA = YES;
				CLANG_WARN_CONSTANT_CONVERSION = YES;
				CLANG_WARN_DEPRECATED_OBJC_IMPLEMENTATIONS = YES;
				CLANG_WARN_DIRECT_OBJC_ISA_USAGE = YES_ERROR;
				CLANG_WARN_DOCUMENTATION_COMMENTS = YES;
				CLANG_WARN_EMPTY_BODY = YES;
				CLANG_WARN_ENUM_CONVERSION = YES;
				CLANG_WARN_INFINITE_RECURSION = YES;
				CLANG_WARN_INT_CONVERSION = YES;
				CLANG_WARN_NON_LITERAL_NULL_CONVERSION = YES;
				CLANG_WARN_OBJC_IMPLICIT_RETAIN_SELF = YES;
				CLANG_WARN_OBJC_LITERAL_CONVERSION = YES;
				CLANG_WARN_OBJC_ROOT_CLASS = YES_ERROR;
				CLANG_WARN_QUOTED_INCLUDE_IN_FRAMEWORK_HEADER = YES;
				CLANG_WARN_RANGE_LOOP_ANALYSIS = YES;
				CLANG_WARN_STRICT_PROTOTYPES = YES;
				CLANG_WARN_SUSPICIOUS_MOVE = YES;
				CLANG_WARN_UNGUARDED_AVAILABILITY = YES_AGGRESSIVE;
				CLANG_WARN_UNREACHABLE_CODE = YES;
				CLANG_WARN__DUPLICATE_METHOD_MATCH = YES;
				COPY_PHASE_STRIP = NO;
				DEBUG_INFORMATION_FORMAT = "dwarf-with-dsym";
				ENABLE_NS_ASSERTIONS = NO;
				ENABLE_STRICT_OBJC_MSGSEND = YES;
				ENABLE_USER_SCRIPT_SANDBOXING = YES;
				GCC_C_LANGUAGE_STANDARD = gnu17;
				GCC_NO_COMMON_BLOCKS = YES;
				GCC_WARN_64_TO_32_BIT_CONVERSION = YES;
				GCC_WARN_ABOUT_RETURN_TYPE = YES_ERROR;
				GCC_WARN_UNDECLARED_SELECTOR = YES;
				GCC_WARN_UNINITIALIZED_AUTOS = YES_AGGRESSIVE;
				GCC_WARN_UNUSED_FUNCTION = YES;
				GCC_WARN_UNUSED_VARIABLE = YES;
				IPHONEOS_DEPLOYMENT_TARGET = 17.2;
				LOCALIZATION_PREFERS_STRING_CATALOGS = YES;
				MTL_ENABLE_DEBUG_INFO = NO;
				MTL_FAST_MATH = YES;
				SDKROOT = iphoneos;
				SWIFT_COMPILATION_MODE = wholemodule;
				VALIDATE_PRODUCT = YES;
			};
			name = Release;
		};
		651C4F462B4F1BC900CAEF46 /* Debug */ = {
			isa = XCBuildConfiguration;
			buildSettings = {
				ASSETCATALOG_COMPILER_APPICON_NAME = AppIcon;
				ASSETCATALOG_COMPILER_GLOBAL_ACCENT_COLOR_NAME = AccentColor;
				CODE_SIGN_STYLE = Automatic;
				CURRENT_PROJECT_VERSION = 1;
				DEVELOPMENT_ASSET_PATHS = "\"Budget/Preview Content\"";
				DEVELOPMENT_TEAM = NGBFGRK5P9;
				ENABLE_PREVIEWS = YES;
				GENERATE_INFOPLIST_FILE = YES;
				INFOPLIST_KEY_UIApplicationSceneManifest_Generation = YES;
				INFOPLIST_KEY_UIApplicationSupportsIndirectInputEvents = YES;
				INFOPLIST_KEY_UILaunchScreen_Generation = YES;
				INFOPLIST_KEY_UISupportedInterfaceOrientations_iPad = "UIInterfaceOrientationPortrait UIInterfaceOrientationPortraitUpsideDown UIInterfaceOrientationLandscapeLeft UIInterfaceOrientationLandscapeRight";
				INFOPLIST_KEY_UISupportedInterfaceOrientations_iPhone = "UIInterfaceOrientationPortrait UIInterfaceOrientationLandscapeLeft UIInterfaceOrientationLandscapeRight";
				LD_RUNPATH_SEARCH_PATHS = (
					"$(inherited)",
					"@executable_path/Frameworks",
				);
				MARKETING_VERSION = 1.0;
				PRODUCT_BUNDLE_IDENTIFIER = "Raul-Lamas.Budget";
				PRODUCT_NAME = "$(TARGET_NAME)";
				SWIFT_EMIT_LOC_STRINGS = YES;
				SWIFT_VERSION = 5.0;
				TARGETED_DEVICE_FAMILY = "1,2";
			};
			name = Debug;
		};
		651C4F472B4F1BC900CAEF46 /* Release */ = {
			isa = XCBuildConfiguration;
			buildSettings = {
				ASSETCATALOG_COMPILER_APPICON_NAME = AppIcon;
				ASSETCATALOG_COMPILER_GLOBAL_ACCENT_COLOR_NAME = AccentColor;
				CODE_SIGN_STYLE = Automatic;
				CURRENT_PROJECT_VERSION = 1;
				DEVELOPMENT_ASSET_PATHS = "\"Budget/Preview Content\"";
				DEVELOPMENT_TEAM = NGBFGRK5P9;
				ENABLE_PREVIEWS = YES;
				GENERATE_INFOPLIST_FILE = YES;
				INFOPLIST_KEY_UIApplicationSceneManifest_Generation = YES;
				INFOPLIST_KEY_UIApplicationSupportsIndirectInputEvents = YES;
				INFOPLIST_KEY_UILaunchScreen_Generation = YES;
				INFOPLIST_KEY_UISupportedInterfaceOrientations_iPad = "UIInterfaceOrientationPortrait UIInterfaceOrientationPortraitUpsideDown UIInterfaceOrientationLandscapeLeft UIInterfaceOrientationLandscapeRight";
				INFOPLIST_KEY_UISupportedInterfaceOrientations_iPhone = "UIInterfaceOrientationPortrait UIInterfaceOrientationLandscapeLeft UIInterfaceOrientationLandscapeRight";
				LD_RUNPATH_SEARCH_PATHS = (
					"$(inherited)",
					"@executable_path/Frameworks",
				);
				MARKETING_VERSION = 1.0;
				PRODUCT_BUNDLE_IDENTIFIER = "Raul-Lamas.Budget";
				PRODUCT_NAME = "$(TARGET_NAME)";
				SWIFT_EMIT_LOC_STRINGS = YES;
				SWIFT_VERSION = 5.0;
				TARGETED_DEVICE_FAMILY = "1,2";
			};
			name = Release;
		};
/* End XCBuildConfiguration section */

/* Begin XCConfigurationList section */
		651C4F322B4F1BC800CAEF46 /* Build configuration list for PBXProject "Budget" */ = {
			isa = XCConfigurationList;
			buildConfigurations = (
				651C4F432B4F1BC900CAEF46 /* Debug */,
				651C4F442B4F1BC900CAEF46 /* Release */,
			);
			defaultConfigurationIsVisible = 0;
			defaultConfigurationName = Release;
		};
		651C4F452B4F1BC900CAEF46 /* Build configuration list for PBXNativeTarget "Budget" */ = {
			isa = XCConfigurationList;
			buildConfigurations = (
				651C4F462B4F1BC900CAEF46 /* Debug */,
				651C4F472B4F1BC900CAEF46 /* Release */,
			);
			defaultConfigurationIsVisible = 0;
			defaultConfigurationName = Release;
		};
/* End XCConfigurationList section */
	};
	rootObject = 651C4F2F2B4F1BC800CAEF46 /* Project object */;
}
